
Microsoft Visual Studio Solution File, Format Version 12.00
# Visual Studio Version 16
VisualStudioVersion = 16.0.30804.86
MinimumVisualStudioVersion = 10.0.40219.1
Project("{9A19103F-16F7-4668-BE54-9A1E7A4F7556}") = "Calculator", "calculator\Calculator.csproj", "{84538073-F765-4470-83FB-5B9B73A2F3EF}"
	ProjectSection(ProjectDependencies) = postProject
		{2C1D8FF9-6C7B-4128-8206-ABE605E9B9BF} = {2C1D8FF9-6C7B-4128-8206-ABE605E9B9BF}
	EndProjectSection
EndProject
Project("{9A19103F-16F7-4668-BE54-9A1E7A4F7556}") = "LogService", "logservice\LogService.csproj", "{2C1D8FF9-6C7B-4128-8206-ABE605E9B9BF}"
EndProject
Project("{2150E333-8FDC-42A3-9474-1A3956D46DE8}") = "Solution Items", "Solution Items", "{93D6E7CC-8A30-43E5-B56F-A8F01744F06D}"
	ProjectSection(SolutionItems) = preProject
		.gitignore = .gitignore
		dcalculator.sln.DotSettings = dcalculator.sln.DotSettings
		README.md = README.md
		tye.yaml = tye.yaml
	EndProjectSection
EndProject
Global
	GlobalSection(SolutionConfigurationPlatforms) = preSolution
		Debug|Any CPU = Debug|Any CPU
		Release|Any CPU = Release|Any CPU
	EndGlobalSection
	GlobalSection(ProjectConfigurationPlatforms) = postSolution
		{84538073-F765-4470-83FB-5B9B73A2F3EF}.Debug|Any CPU.ActiveCfg = Debug|Any CPU
		{84538073-F765-4470-83FB-5B9B73A2F3EF}.Debug|Any CPU.Build.0 = Debug|Any CPU
		{84538073-F765-4470-83FB-5B9B73A2F3EF}.Release|Any CPU.ActiveCfg = Release|Any CPU
		{84538073-F765-4470-83FB-5B9B73A2F3EF}.Release|Any CPU.Build.0 = Release|Any CPU
		{2C1D8FF9-6C7B-4128-8206-ABE605E9B9BF}.Debug|Any CPU.ActiveCfg = Debug|Any CPU
		{2C1D8FF9-6C7B-4128-8206-ABE605E9B9BF}.Debug|Any CPU.Build.0 = Debug|Any CPU
		{2C1D8FF9-6C7B-4128-8206-ABE605E9B9BF}.Release|Any CPU.ActiveCfg = Release|Any CPU
		{2C1D8FF9-6C7B-4128-8206-ABE605E9B9BF}.Release|Any CPU.Build.0 = Release|Any CPU
	EndGlobalSection
	GlobalSection(SolutionProperties) = preSolution
		HideSolutionNode = FALSE
	EndGlobalSection
	GlobalSection(ExtensibilityGlobals) = postSolution
		SolutionGuid = {837B406B-688F-4CDD-B203-B508FF036C65}
	EndGlobalSection
EndGlobal
